
Microsoft Visual Studio Solution File, Format Version 12.00
# Visual Studio Version 17
VisualStudioVersion = 17.2.32616.157
MinimumVisualStudioVersion = 10.0.40219.1
Project("{FAE04EC0-301F-11D3-BF4B-00C04F79EFBC}") = "WebPro", "WebPro\WebPro.csproj", "{6DF91279-439C-4C33-AE11-34C316427DDF}"
EndProject
Global
	GlobalSection(SolutionConfigurationPlatforms) = preSolution
		Debug|Any CPU = Debug|Any CPU
		Release|Any CPU = Release|Any CPU
	EndGlobalSection
	GlobalSection(ProjectConfigurationPlatforms) = postSolution
		{6DF91279-439C-4C33-AE11-34C316427DDF}.Debug|Any CPU.ActiveCfg = Debug|Any CPU
		{6DF91279-439C-4C33-AE11-34C316427DDF}.Debug|Any CPU.Build.0 = Debug|Any CPU
		{6DF91279-439C-4C33-AE11-34C316427DDF}.Release|Any CPU.ActiveCfg = Release|Any CPU
		{6DF91279-439C-4C33-AE11-34C316427DDF}.Release|Any CPU.Build.0 = Release|Any CPU
	EndGlobalSection
	GlobalSection(SolutionProperties) = preSolution
		HideSolutionNode = FALSE
	EndGlobalSection
	GlobalSection(ExtensibilityGlobals) = postSolution
		SolutionGuid = {735E689F-06D1-402B-8100-62191CA6CD95}
	EndGlobalSection
EndGlobal
